Microsoft Visual Studio Solution File, Format Version 12.00
# Visual Studio Version 16
VisualStudioVersion = 16.0.29519.87
MinimumVisualStudioVersion = 10.0.40219.1
Project("{FAE04EC0-301F-11D3-BF4B-00C04F79EFBC}") = "tradin.api.wsclient", "tradin.api.wsclient.csproj", "{7CF30399-75EB-4F4C-B49C-4BA7E70C7C26}"
EndProject
Global
	GlobalSection(SolutionConfigurationPlatforms) = preSolution
		Debug|Any CPU = Debug|Any CPU
		Release|Any CPU = Release|Any CPU
	EndGlobalSection
	GlobalSection(ProjectConfigurationPlatforms) = postSolution
		{7CF30399-75EB-4F4C-B49C-4BA7E70C7C26}.Debug|Any CPU.ActiveCfg = Debug|Any CPU
		{7CF30399-75EB-4F4C-B49C-4BA7E70C7C26}.Debug|Any CPU.Build.0 = Debug|Any CPU
		{7CF30399-75EB-4F4C-B49C-4BA7E70C7C26}.Release|Any CPU.ActiveCfg = Release|Any CPU
		{7CF30399-75EB-4F4C-B49C-4BA7E70C7C26}.Release|Any CPU.Build.0 = Release|Any CPU
	EndGlobalSection
	GlobalSection(SolutionProperties) = preSolution
		HideSolutionNode = FALSE
	EndGlobalSection
	GlobalSection(ExtensibilityGlobals) = postSolution
		SolutionGuid = {3266043F-0BA9-41F4-8D25-E6A2E3A98BF4}
	EndGlobalSection
EndGlobal
